
Microsoft Visual Studio Solution File, Format Version 12.00
# Visual Studio Version 17
VisualStudioVersion = 17.13.35828.75
MinimumVisualStudioVersion = 10.0.40219.1
Project("{FAE04EC0-301F-11D3-BF4B-00C04F79EFBC}") = "FINOVA.API", "FINOVA.API\FINOVA.API.csproj", "{B0144203-1DD3-4544-87D3-A7C1ED6E782C}"
EndProject
Project("{FAE04EC0-301F-11D3-BF4B-00C04F79EFBC}") = "FINOVA.DataModel", "FINOVA.DataModel\FINOVA.DataModel.csproj", "{69797CBA-65B7-44AD-815E-E1FB51E4AF63}"
EndProject
Project("{FAE04EC0-301F-11D3-BF4B-00C04F79EFBC}") = "FINOVA.Repository", "FINOVA.Repository\FINOVA.Repository.csproj", "{322FFDD3-D75A-4925-8DE7-27907F524E3C}"
EndProject
Project("{FAE04EC0-301F-11D3-BF4B-00C04F79EFBC}") = "FINOVA.Provider", "FINOVA.Provider\FINOVA.Provider.csproj", "{E0AF6D5E-1AC8-466F-9268-0449556B144A}"
EndProject
Project("{FAE04EC0-301F-11D3-BF4B-00C04F79EFBC}") = "FINOVA.Configuration", "FINOVA.Configuration\FINOVA.Configuration.csproj", "{833DD467-BFDC-42EA-8165-18F55212A54D}"
EndProject
Project("{FAE04EC0-301F-11D3-BF4B-00C04F79EFBC}") = "FINOVA.Logging", "FINOVA.Logging\FINOVA.Logging.csproj", "{C42718BE-E97F-4556-A38D-A3C352D63658}"
EndProject
Project("{FAE04EC0-301F-11D3-BF4B-00C04F79EFBC}") = "FINOVA.Commonlib", "FINOVA.Commonlib\FINOVA.Commonlib.csproj", "{75CB063A-44E3-4B40-9357-1FB936AA75FA}"
EndProject
Project("{FAE04EC0-301F-11D3-BF4B-00C04F79EFBC}") = "FINOVA.Database", "FINOVA.Database\FINOVA.Database.csproj", "{6C390F9B-3B8E-4232-BEF8-37895F329972}"
EndProject
Global
	GlobalSection(SolutionConfigurationPlatforms) = preSolution
		Debug|Any CPU = Debug|Any CPU
		Release|Any CPU = Release|Any CPU
	EndGlobalSection
	GlobalSection(ProjectConfigurationPlatforms) = postSolution
		{B0144203-1DD3-4544-87D3-A7C1ED6E782C}.Debug|Any CPU.ActiveCfg = Debug|Any CPU
		{B0144203-1DD3-4544-87D3-A7C1ED6E782C}.Debug|Any CPU.Build.0 = Debug|Any CPU
		{B0144203-1DD3-4544-87D3-A7C1ED6E782C}.Release|Any CPU.ActiveCfg = Release|Any CPU
		{B0144203-1DD3-4544-87D3-A7C1ED6E782C}.Release|Any CPU.Build.0 = Release|Any CPU
		{69797CBA-65B7-44AD-815E-E1FB51E4AF63}.Debug|Any CPU.ActiveCfg = Debug|Any CPU
		{69797CBA-65B7-44AD-815E-E1FB51E4AF63}.Debug|Any CPU.Build.0 = Debug|Any CPU
		{69797CBA-65B7-44AD-815E-E1FB51E4AF63}.Release|Any CPU.ActiveCfg = Release|Any CPU
		{69797CBA-65B7-44AD-815E-E1FB51E4AF63}.Release|Any CPU.Build.0 = Release|Any CPU
		{322FFDD3-D75A-4925-8DE7-27907F524E3C}.Debug|Any CPU.ActiveCfg = Debug|Any CPU
		{322FFDD3-D75A-4925-8DE7-27907F524E3C}.Debug|Any CPU.Build.0 = Debug|Any CPU
		{322FFDD3-D75A-4925-8DE7-27907F524E3C}.Release|Any CPU.ActiveCfg = Release|Any CPU
		{322FFDD3-D75A-4925-8DE7-27907F524E3C}.Release|Any CPU.Build.0 = Release|Any CPU
		{E0AF6D5E-1AC8-466F-9268-0449556B144A}.Debug|Any CPU.ActiveCfg = Debug|Any CPU
		{E0AF6D5E-1AC8-466F-9268-0449556B144A}.Debug|Any CPU.Build.0 = Debug|Any CPU
		{E0AF6D5E-1AC8-466F-9268-0449556B144A}.Release|Any CPU.ActiveCfg = Release|Any CPU
		{E0AF6D5E-1AC8-466F-9268-0449556B144A}.Release|Any CPU.Build.0 = Release|Any CPU
		{833DD467-BFDC-42EA-8165-18F55212A54D}.Debug|Any CPU.ActiveCfg = Debug|Any CPU
		{833DD467-BFDC-42EA-8165-18F55212A54D}.Debug|Any CPU.Build.0 = Debug|Any CPU
		{833DD467-BFDC-42EA-8165-18F55212A54D}.Release|Any CPU.ActiveCfg = Release|Any CPU
		{833DD467-BFDC-42EA-8165-18F55212A54D}.Release|Any CPU.Build.0 = Release|Any CPU
		{C42718BE-E97F-4556-A38D-A3C352D63658}.Debug|Any CPU.ActiveCfg = Debug|Any CPU
		{C42718BE-E97F-4556-A38D-A3C352D63658}.Debug|Any CPU.Build.0 = Debug|Any CPU
		{C42718BE-E97F-4556-A38D-A3C352D63658}.Release|Any CPU.ActiveCfg = Release|Any CPU
		{C42718BE-E97F-4556-A38D-A3C352D63658}.Release|Any CPU.Build.0 = Release|Any CPU
		{75CB063A-44E3-4B40-9357-1FB936AA75FA}.Debug|Any CPU.ActiveCfg = Debug|Any CPU
		{75CB063A-44E3-4B40-9357-1FB936AA75FA}.Debug|Any CPU.Build.0 = Debug|Any CPU
		{75CB063A-44E3-4B40-9357-1FB936AA75FA}.Release|Any CPU.ActiveCfg = Release|Any CPU
		{75CB063A-44E3-4B40-9357-1FB936AA75FA}.Release|Any CPU.Build.0 = Release|Any CPU
		{6C390F9B-3B8E-4232-BEF8-37895F329972}.Debug|Any CPU.ActiveCfg = Debug|Any CPU
		{6C390F9B-3B8E-4232-BEF8-37895F329972}.Debug|Any CPU.Build.0 = Debug|Any CPU
		{6C390F9B-3B8E-4232-BEF8-37895F329972}.Release|Any CPU.ActiveCfg = Release|Any CPU
		{6C390F9B-3B8E-4232-BEF8-37895F329972}.Release|Any CPU.Build.0 = Release|Any CPU
	EndGlobalSection
	GlobalSection(SolutionProperties) = preSolution
		HideSolutionNode = FALSE
	EndGlobalSection
	GlobalSection(ExtensibilityGlobals) = postSolution
		SolutionGuid = {7FE060DD-B5D4-493C-AF25-DBCB57C330D8}
	EndGlobalSection
EndGlobal
